{
    "_meta": {
        "hash": {
            "sha256": "777ecba5b7c0b4c9fadf969ca17a2662f33b1c0485c9d4a54dda9b885fd26799"
        },
        "pipfile-spec": 6,
        "requires": {
            "python_version": "3.8"
        },
        "sources": [
            {
                "name": "pypi",
                "url": "https://pypi.python.org/simple",
                "verify_ssl": true
            }
        ]
    },
    "default": {
        "argparse": {
            "hashes": [
                "sha256:62b089a55be1d8949cd2bc7e0df0bddb9e028faefc8c32038cc84862aefdd6e4",
                "sha256:c31647edb69fd3d465a847ea3157d37bed1f95f19760b11a47aa91c04b666314"
            ],
            "index": "pypi",
            "version": "==1.4.0"
        },
        "bcj-cffi": {
            "hashes": [
                "sha256:0d19d7f4996c1e4a13b0b3f33e267cae1c6ec7bf3c7073f6e1e6bd8f56fe8cc9",
                "sha256:1f4a587fa64b2186ad44e80ef94bae703de27bf69ed38710779827eb056a78e0",
                "sha256:24e611b8b85b1a0aa36582adb0cfe4d07c810695c1a39ed3d72e0f81ab4f4854",
                "sha256:2b195709622aa60a43d7887210f091e3c197ee5620078962be55e74bb23857ef",
                "sha256:38f168b56501e72168e6202d14f2f62b893df2a3df6b2b069d17e518cc2cae0c",
                "sha256:473bb9034a0d50cb6ca4bde0ff0ec6caf1eb997c50ff497e7cb8cb61ad03ef77",
                "sha256:56e2c007a1d3729c2246b766706a9bb224418966e31fd1b5c2d9d585639e8efc",
                "sha256:6c6730c1d406bbb0d5607480c2f2a86c4c3b3715886f17804f088c1d4c670e25",
                "sha256:89681be855b0d4da0de5e4deaffed3d61d1c4cdb51b8284678362104fa0aaf37",
                "sha256:91acffb8c169b8d5f222f3ecf2758b73b3ce809970eedb3d59a47d4c1a8630cc",
                "sha256:99263d5f568d060c2327c6abef6c3a70d51cbe9d6f94cd973d5fd0d8e65117f6",
                "sha256:9b423047ab17798b566334410d93fe02661d8704b193d13cf75957b7dd2b4a65",
                "sha256:a12612b9af260653ea45392d0a29cfbbf09c45e49afef1260a2cbd07ae3cc51b",
                "sha256:b958a6654b91a99aa264f8f9608e647f395149219b5b60fa287734dc19f309b2",
                "sha256:df2a2266374930579d38f279e4cd0fe570e6f59be2bdf11a962326d7a5cd8af4",
                "sha256:efdb651682e8d4c1e2d5f25ac760c3ada84908e51e5845d62247def5d3d0e325",
                "sha256:f1373564cc4891226dab87afaad8cbdd1fb583f73a7d6f4e81733a83c55139a2"
            ],
            "version": "==0.5.0"
        },
        "cffi": {
            "hashes": [
                "sha256:005a36f41773e148deac64b08f233873a4d0c18b053d37da83f6af4d9087b813",
                "sha256:0857f0ae312d855239a55c81ef453ee8fd24136eaba8e87a2eceba644c0d4c06",
                "sha256:1071534bbbf8cbb31b498d5d9db0f274f2f7a865adca4ae429e147ba40f73dea",
                "sha256:158d0d15119b4b7ff6b926536763dc0714313aa59e320ddf787502c70c4d4bee",
                "sha256:1f436816fc868b098b0d63b8920de7d208c90a67212546d02f84fe78a9c26396",
                "sha256:2894f2df484ff56d717bead0a5c2abb6b9d2bf26d6960c4604d5c48bbc30ee73",
                "sha256:29314480e958fd8aab22e4a58b355b629c59bf5f2ac2492b61e3dc06d8c7a315",
                "sha256:34eff4b97f3d982fb93e2831e6750127d1355a923ebaeeb565407b3d2f8d41a1",
                "sha256:35f27e6eb43380fa080dccf676dece30bef72e4a67617ffda586641cd4508d49",
                "sha256:3d3dd4c9e559eb172ecf00a2a7517e97d1e96de2a5e610bd9b68cea3925b4892",
                "sha256:43e0b9d9e2c9e5d152946b9c5fe062c151614b262fda2e7b201204de0b99e482",
                "sha256:48e1c69bbacfc3d932221851b39d49e81567a4d4aac3b21258d9c24578280058",
                "sha256:51182f8927c5af975fece87b1b369f722c570fe169f9880764b1ee3bca8347b5",
                "sha256:58e3f59d583d413809d60779492342801d6e82fefb89c86a38e040c16883be53",
                "sha256:5de7970188bb46b7bf9858eb6890aad302577a5f6f75091fd7cdd3ef13ef3045",
                "sha256:65fa59693c62cf06e45ddbb822165394a288edce9e276647f0046e1ec26920f3",
                "sha256:69e395c24fc60aad6bb4fa7e583698ea6cc684648e1ffb7fe85e3c1ca131a7d5",
                "sha256:6c97d7350133666fbb5cf4abdc1178c812cb205dc6f41d174a7b0f18fb93337e",
                "sha256:6e4714cc64f474e4d6e37cfff31a814b509a35cb17de4fb1999907575684479c",
                "sha256:72d8d3ef52c208ee1c7b2e341f7d71c6fd3157138abf1a95166e6165dd5d4369",
                "sha256:8ae6299f6c68de06f136f1f9e69458eae58f1dacf10af5c17353eae03aa0d827",
                "sha256:8b198cec6c72df5289c05b05b8b0969819783f9418e0409865dac47288d2a053",
                "sha256:99cd03ae7988a93dd00bcd9d0b75e1f6c426063d6f03d2f90b89e29b25b82dfa",
                "sha256:9cf8022fb8d07a97c178b02327b284521c7708d7c71a9c9c355c178ac4bbd3d4",
                "sha256:9de2e279153a443c656f2defd67769e6d1e4163952b3c622dcea5b08a6405322",
                "sha256:9e93e79c2551ff263400e1e4be085a1210e12073a31c2011dbbda14bda0c6132",
                "sha256:9ff227395193126d82e60319a673a037d5de84633f11279e336f9c0f189ecc62",
                "sha256:a465da611f6fa124963b91bf432d960a555563efe4ed1cc403ba5077b15370aa",
                "sha256:ad17025d226ee5beec591b52800c11680fca3df50b8b29fe51d882576e039ee0",
                "sha256:afb29c1ba2e5a3736f1c301d9d0abe3ec8b86957d04ddfa9d7a6a42b9367e396",
                "sha256:b85eb46a81787c50650f2392b9b4ef23e1f126313b9e0e9013b35c15e4288e2e",
                "sha256:bb89f306e5da99f4d922728ddcd6f7fcebb3241fc40edebcb7284d7514741991",
                "sha256:cbde590d4faaa07c72bf979734738f328d239913ba3e043b1e98fe9a39f8b2b6",
                "sha256:cd2868886d547469123fadc46eac7ea5253ea7fcb139f12e1dfc2bbd406427d1",
                "sha256:d42b11d692e11b6634f7613ad8df5d6d5f8875f5d48939520d351007b3c13406",
                "sha256:f2d45f97ab6bb54753eab54fffe75aaf3de4ff2341c9daee1987ee1837636f1d",
                "sha256:fd78e5fee591709f32ef6edb9a015b4aa1a5022598e36227500c8f4e02328d9c"
            ],
            "version": "==1.14.5"
        },
        "datetime": {
            "hashes": [
                "sha256:371dba07417b929a4fa685c2f7a3eaa6a62d60c02947831f97d4df9a9e70dfd0",
                "sha256:5cef605bab8259ff61281762cdf3290e459fbf0b4719951d5fab967d5f2ea0ea"
            ],
            "index": "pypi",
            "version": "==4.3"
        },
        "gnupg": {
            "hashes": [
                "sha256:8db5a05c369dbc231dab4c98515ce828f2dffdc14f1534441a6c59b71c6d2031",
                "sha256:be656a2f693dbac4362537c1b6cfd03131ac5ce7a4b2bb21bff7e3145f94f7ea",
                "sha256:d2e16c486aaeecbb65633f8493ccab025e2487c0e1dc59a83c520b6f81dff9b8"
            ],
            "index": "pypi",
            "version": "==2.3.1"
        },
        "multivolumefile": {
            "hashes": [
                "sha256:0d482cf34d1caec0640e45b0ddab84cd99de7aea8b1c9c8a554bb52fb2706c23",
                "sha256:e6fcb53ac617866179d1cf7a7cf245560bcb82fee37eb9951b3a814596e28648"
            ],
            "version": "==0.2.2"
        },
        "pathlib": {
            "hashes": [
                "sha256:6940718dfc3eff4258203ad5021090933e5c04707d5ca8cc9e73c94a7894ea9f"
            ],
            "index": "pypi",
            "version": "==1.0.1"
        },
        "ppmd-cffi": {
            "hashes": [
                "sha256:2b6cc7a97685f12490807d31599d7a4b397aa07e6cf3dbd31cc35a89e07e9ebc",
                "sha256:36e247e2bb4691caa35f1707488a171099621b576dbf71c5ecb91674b0e15105",
                "sha256:4c03aa6ff9b4c24ca3a9b1aa618d28a3c22e657804c264dfef46e6b6e1d852ae",
                "sha256:5105b290ab6ba0022b3bc38b597191df26893f4751c440ca9b8ee58566c40602",
                "sha256:6203520f09cc490eafe0f66f520f06e4216190461615f5f8b6c5bcd603914305",
                "sha256:81871c623d15b6e27c4b7d0b5c52494918d082e08ea644c9755c43e46d2163a8",
                "sha256:8da1c7f733f860e4bd21b5ef9f3da28112d36d5b45332de42273279182fcd758",
                "sha256:a8f44cf1133d899a13eabf585ef63fb24369b254bf7c2b3da3d7d892c061a20b",
                "sha256:a951b84a8f98891bdd178cc0e751b93a049d6b2d63c4110f65b5b19effe24d33",
                "sha256:a9b8a82ff9e0b74d60f5aa56123c0f0f72f125cf32e2e683fa8329e1413652a1",
                "sha256:b0d4a9672f6f3e81073f53f4932b4bfcd69ef64f762863e620a0de9bb73278a3",
                "sha256:bec89595cba4f5761974b365f593673e08b23841c2823acdb90988d60ed77dd8",
                "sha256:c91375b02b1377209aa2e8e526aa5cd171648c12e2fbc80368c96e2a7aa80081",
                "sha256:cec0cf927ba744a316b4ffe8a282b05b8273cba8b4528f0abc35fd20145f1a0c",
                "sha256:d6622e81ec12da77548da5125f87579a067cb7bc69c83b27aa8265176a2d8ee0",
                "sha256:e07f79f0de07d8d26387c75087258b8e33d812c4e58856db8ed0dc6b686a8c07",
                "sha256:e0eed831567448ae6550575d53b43504e564e00eb9642f15c4ad6b32f60f0eac",
                "sha256:e39bd1d60136d684bbdda12814e4ce2711fe8ed449d15a2eb911bcdef4f672ca",
                "sha256:ee93179fa70c26eaaf339a74df3535afe184a3f156d56b371a593e3df8661dbc",
                "sha256:f0280c36836379d709b9ab73489334e4887a237ef4f42bb49b034719536202af",
                "sha256:f3fb973e6f6505c4c54af1e80d51291d3d73dde735c56ef7db182a6bb958b53a",
                "sha256:f7d7939c343cd22fd7f993394247b6397177b674189f118a31ef512414478eb0"
            ],
            "version": "==0.3.3"
        },
        "psutil": {
            "hashes": [
                "sha256:0066a82f7b1b37d334e68697faba68e5ad5e858279fd6351c8ca6024e8d6ba64",
                "sha256:02b8292609b1f7fcb34173b25e48d0da8667bc85f81d7476584d889c6e0f2131",
                "sha256:0ae6f386d8d297177fd288be6e8d1afc05966878704dad9847719650e44fc49c",
                "sha256:0c9ccb99ab76025f2f0bbecf341d4656e9c1351db8cc8a03ccd62e318ab4b5c6",
                "sha256:0dd4465a039d343925cdc29023bb6960ccf4e74a65ad53e768403746a9207023",
                "sha256:12d844996d6c2b1d3881cfa6fa201fd635971869a9da945cf6756105af73d2df",
                "sha256:1bff0d07e76114ec24ee32e7f7f8d0c4b0514b3fae93e3d2aaafd65d22502394",
                "sha256:245b5509968ac0bd179287d91210cd3f37add77dad385ef238b275bad35fa1c4",
                "sha256:28ff7c95293ae74bf1ca1a79e8805fcde005c18a122ca983abf676ea3466362b",
                "sha256:36b3b6c9e2a34b7d7fbae330a85bf72c30b1c827a4366a07443fc4b6270449e2",
                "sha256:52de075468cd394ac98c66f9ca33b2f54ae1d9bff1ef6b67a212ee8f639ec06d",
                "sha256:5da29e394bdedd9144c7331192e20c1f79283fb03b06e6abd3a8ae45ffecee65",
                "sha256:61f05864b42fedc0771d6d8e49c35f07efd209ade09a5afe6a5059e7bb7bf83d",
                "sha256:6223d07a1ae93f86451d0198a0c361032c4c93ebd4bf6d25e2fb3edfad9571ef",
                "sha256:6323d5d845c2785efb20aded4726636546b26d3b577aded22492908f7c1bdda7",
                "sha256:6ffe81843131ee0ffa02c317186ed1e759a145267d54fdef1bc4ea5f5931ab60",
                "sha256:74f2d0be88db96ada78756cb3a3e1b107ce8ab79f65aa885f76d7664e56928f6",
                "sha256:74fb2557d1430fff18ff0d72613c5ca30c45cdbfcddd6a5773e9fc1fe9364be8",
                "sha256:90d4091c2d30ddd0a03e0b97e6a33a48628469b99585e2ad6bf21f17423b112b",
                "sha256:90f31c34d25b1b3ed6c40cdd34ff122b1887a825297c017e4cbd6796dd8b672d",
                "sha256:99de3e8739258b3c3e8669cb9757c9a861b2a25ad0955f8e53ac662d66de61ac",
                "sha256:c6a5fd10ce6b6344e616cf01cc5b849fa8103fbb5ba507b6b2dee4c11e84c935",
                "sha256:ce8b867423291cb65cfc6d9c4955ee9bfc1e21fe03bb50e177f2b957f1c2469d",
                "sha256:d225cd8319aa1d3c85bf195c4e07d17d3cd68636b8fc97e6cf198f782f99af28",
                "sha256:ea313bb02e5e25224e518e4352af4bf5e062755160f77e4b1767dd5ccb65f876",
                "sha256:ea372bcc129394485824ae3e3ddabe67dc0b118d262c568b4d2602a7070afdb0",
                "sha256:f4634b033faf0d968bb9220dd1c793b897ab7f1189956e1aa9eae752527127d3",
                "sha256:fcc01e900c1d7bee2a37e5d6e4f9194760a93597c97fee89c4ae51701de03563"
            ],
            "version": "==5.8.0"
        },
        "py7zr": {
            "hashes": [
                "sha256:510cca058ad59ae8b608931b79c4b9101de80f25f222e99174488caefcb9affe",
                "sha256:95984c5e5561ca2d79152232572556240fe5355669bb1193059d34a25852b677"
            ],
            "index": "pypi",
            "version": "==0.14.1"
        },
        "pycparser": {
            "hashes": [
                "sha256:2d475327684562c3a96cc71adf7dc8c4f0565175cf86b6d7a404ff4c771f15f0",
                "sha256:7582ad22678f0fcd81102833f60ef8d0e57288b6b5fb00323d101be910e35705"
            ],
            "version": "==2.20"
        },
        "pycryptodome": {
            "hashes": [
                "sha256:09c1555a3fa450e7eaca41ea11cd00afe7c91fef52353488e65663777d8524e0",
                "sha256:12222a5edc9ca4a29de15fbd5339099c4c26c56e13c2ceddf0b920794f26165d",
                "sha256:1723ebee5561628ce96748501cdaa7afaa67329d753933296321f0be55358dce",
                "sha256:1c5e1ca507de2ad93474be5cfe2bfa76b7cf039a1a32fc196f40935944871a06",
                "sha256:2603c98ae04aac675fefcf71a6c87dc4bb74a75e9071ae3923bbc91a59f08d35",
                "sha256:2dea65df54349cdfa43d6b2e8edb83f5f8d6861e5cf7b1fbc3e34c5694c85e27",
                "sha256:31c1df17b3dc5f39600a4057d7db53ac372f492c955b9b75dd439f5d8b460129",
                "sha256:38661348ecb71476037f1e1f553159b80d256c00f6c0b00502acac891f7116d9",
                "sha256:3e2e3a06580c5f190df843cdb90ea28d61099cf4924334d5297a995de68e4673",
                "sha256:3f840c49d38986f6e17dbc0673d37947c88bc9d2d9dba1c01b979b36f8447db1",
                "sha256:501ab36aae360e31d0ec370cf5ce8ace6cb4112060d099b993bc02b36ac83fb6",
                "sha256:60386d1d4cfaad299803b45a5bc2089696eaf6cdd56f9fc17479a6f89595cfc8",
                "sha256:6260e24d41149268122dd39d4ebd5941e9d107f49463f7e071fd397e29923b0c",
                "sha256:6bbf7fee7b7948b29d7e71fcacf48bac0c57fb41332007061a933f2d996f9713",
                "sha256:6d2df5223b12437e644ce0a3be7809471ffa71de44ccd28b02180401982594a6",
                "sha256:758949ca62690b1540dfb24ad773c6da9cd0e425189e83e39c038bbd52b8e438",
                "sha256:77997519d8eb8a4adcd9a47b9cec18f9b323e296986528186c0e9a7a15d6a07e",
                "sha256:7fd519b89585abf57bf47d90166903ec7b43af4fe23c92273ea09e6336af5c07",
                "sha256:98213ac2b18dc1969a47bc65a79a8fca02a414249d0c8635abb081c7f38c91b6",
                "sha256:99b2f3fc51d308286071d0953f92055504a6ffe829a832a9fc7a04318a7683dd",
                "sha256:9b6f711b25e01931f1c61ce0115245a23cdc8b80bf8539ac0363bdcf27d649b6",
                "sha256:a3105a0eb63eacf98c2ecb0eb4aa03f77f40fbac2bdde22020bb8a536b226bb8",
                "sha256:a8eb8b6ea09ec1c2535bf39914377bc8abcab2c7d30fa9225eb4fe412024e427",
                "sha256:a92d5c414e8ee1249e850789052608f582416e82422502dc0ac8c577808a9067",
                "sha256:d3d6958d53ad307df5e8469cc44474a75393a434addf20ecd451f38a72fe29b8",
                "sha256:e0a4d5933a88a2c98bbe19c0c722f5483dc628d7a38338ac2cb64a7dbd34064b",
                "sha256:e3bf558c6aeb49afa9f0c06cee7fb5947ee5a1ff3bd794b653d39926b49077fa",
                "sha256:e61e363d9a5d7916f3a4ce984a929514c0df3daf3b1b2eb5e6edbb131ee771cf",
                "sha256:f977cdf725b20f6b8229b0c87acb98c7717e742ef9f46b113985303ae12a99da",
                "sha256:fc7489a50323a0df02378bc2fff86eb69d94cc5639914346c736be981c6a02e7"
            ],
            "version": "==3.10.1"
        },
        "pytz": {
            "hashes": [
                "sha256:83a4a90894bf38e243cf052c8b58f381bfe9a7a483f6a9cab140bc7f702ac4da",
                "sha256:eb10ce3e7736052ed3623d49975ce333bcd712c7bb19a58b9e2089d4057d0798"
            ],
            "version": "==2021.1"
        },
        "pyzstd": {
            "hashes": [
                "sha256:049ef5c8f0f6f6b56f635fd1a23a4b50c2432d546052072468d6a5cbcd0cf701",
                "sha256:1a515dd3e0b4fc0b89d5bf517e8300f67a31a40ef449e6bd7905375449fd9bc2",
                "sha256:1ca717b6d493008d5eb84073de3c7c80d174b2b9b399be2f7a7290ca6eef26b7",
                "sha256:1cbcc5eb05db103b4c3999f2ae8a7302fcaca23b895a0e85c528ab2d47312be6",
                "sha256:20dc1e9e4ca28bd6952314b30b62e1d024117715f6e49ed65b3b0477b3e8ec70",
                "sha256:31cc5cf8cacb7a1ee0a3d9c46adcb6f04ee4b62d2ded232bff5e6c94b0171ad6",
                "sha256:3a4c9db63ec5cbefe5601d03a720c5cc399aeeb7902bf3cfb5720df88a6c5835",
                "sha256:3cd554d06397d6d6a679515bada056d601e6cb234753dce20d0a77bf1c611c90",
                "sha256:43df9c969b912874f78edf2d29b78710547bff89c0e61c63aaa8af5ab824588b",
                "sha256:4ce434af7b6e898925e63d1154bc4f9f3543511cc5c17dae3665065c21716407",
                "sha256:4f1fcc1be04a78ca5023542614c58504afe944c5a27f50e409daf3914233e4ed",
                "sha256:56775aa7a0902bd4756a3d51ab1abb7984716a607233754edaa5021cd20bf204",
                "sha256:58b303eb72edbea3e6a4ec2bd3215f9dfb189d7595be5bef511e7d066bdcdd55",
                "sha256:59db9a8007feb4dd0041f4e668dfd08f29d2a88905dc64341beec2638f662432",
                "sha256:5d2a8e7b0320ecd9378566423d6287add6e3b7919c9c8676a0f13869ae36fc2d",
                "sha256:61efe917a6bffbe5dbc1288d5cea5803ee8ee5a8d5b42970589352840724c814",
                "sha256:72ea68d9113cda25e188c101d980b36883bece12d97d1bb790e83d5dd3e6780a",
                "sha256:8183a72b393b4b4299a9609f2f0f9c9c0eef5eb35145580226fc69af301355de",
                "sha256:84686494e9f93080c5f94b320fb1937b9c349ac236880b6fd3f74a26a1037e11",
                "sha256:87741d16c50bf7a87e055bfbc6ed468541c38f9b4be9463082172cfbb969fcb7",
                "sha256:8ee5770d6d8e2b86204dff3f69594b5bc4be8bce2bf859d351ecd6c2351e1c66",
                "sha256:9085e764d07afc72f67df2a291ac2505a89ac714720888a9dbc4458ef261d9d6",
                "sha256:90f83acbd7355e80f196d3e7193f25d5128dc1302dc98446b8f39fee4fbb7fd8",
                "sha256:96cc88606d24481959af291e6a367c3854c75849818059513b5a9522e5ed6dc7",
                "sha256:97f96882be9c29ba6892c2ebcc6da0128d23e105db12c592199bdd7cdafa61de",
                "sha256:9aab6567b7911b0a1aec9cdbc42673ea6c580b6c8763a6063e9bfe0b48f40e19",
                "sha256:9b6864e3ef9e8cc911d890b47c2a3b4ad7d556d4095d8a3c8806f8c1e85a3abf",
                "sha256:9fc974a683a1396746d8600ce2507e21730202590c70b604747804b72a615e0c",
                "sha256:c80a41148580f4f9560fd27e16d040281a74c7e873734d4ece6a45308c95071d",
                "sha256:ca869717deea3152232fb702fd0925dd9a1ce408052678853693956c5c380c6f",
                "sha256:cd32436b9bf811b52acc0d909720b0a9dcc75237afade4cd3998df11f3bcb1e8",
                "sha256:d6bb34e8c4c534c426cc4e4b3db2e61a955dee8ba15414b62f93e996c4b7105b",
                "sha256:dce30fce9b4d2c5fb0ef58bf0f3ed5633c45c2ed6da6e9cd85d78cc95fe26119",
                "sha256:ea2487f5085eda2965d2dbb5d82b9a11ebe821df882d482ce4158f9364909301",
                "sha256:fba67b593c29b0fc658677cc432553bea0f068ed1b125f4404fdf124e5bbdbaa",
                "sha256:fea569c4ce8061e37396a831ec04d109afc1eefa0e3ce515df1adc93dcb73e4f"
            ],
            "markers": "platform_python_implementation == 'CPython'",
            "version": "==0.14.4"
        },
        "texttable": {
            "hashes": [
                "sha256:ce0faf21aa77d806bbff22b107cc22cce68dc9438f97a2df32c93e9afa4ce436",
                "sha256:f802f2ef8459058736264210f716c757cbf85007a30886d8541aa8c3404f1dda"
            ],
            "version": "==1.6.3"
        },
        "zope.interface": {
            "hashes": [
                "sha256:02d3535aa18e34ce97c58d241120b7554f7d1cf4f8002fc9675cc7e7745d20e8",
                "sha256:0378a42ec284b65706d9ef867600a4a31701a0d6773434e6537cfc744e3343f4",
                "sha256:07d289358a8c565ea09e426590dd1179f93cf5ac3dd17d43fcc4fc63c1a9d275",
                "sha256:0e6cdbdd94ae94d1433ab51f46a76df0f2cd041747c31baec1c1ffa4e76bd0c1",
                "sha256:11354fb8b8bdc5cdd66358ed4f1f0ce739d78ff6d215d33b8f3ae282258c0f11",
                "sha256:12588a46ae0a99f172c4524cbbc3bb870f32e0f8405e9fa11a5ef3fa3a808ad7",
                "sha256:16caa44a06f6b0b2f7626ced4b193c1ae5d09c1b49c9b4962c93ae8aa2134f55",
                "sha256:18c478b89b6505756f007dcf76a67224a23dcf0f365427742ed0c0473099caa4",
                "sha256:221b41442cf4428fcda7fc958c9721c916709e2a3a9f584edd70f1493a09a762",
                "sha256:26109c50ccbcc10f651f76277cfc05fba8418a907daccc300c9247f24b3158a2",
                "sha256:28d8157f8c77662a1e0796a7d3cfa8910289131d4b4dd4e10b2686ab1309b67b",
                "sha256:2c51689b7b40c7d9c7e8a678350e73dc647945a13b4e416e7a02bbf0c37bdb01",
                "sha256:2ec58e1e1691dde4fbbd97f8610de0f8f1b1a38593653f7d3b8e931b9cd6d67f",
                "sha256:416feb6500f7b6fc00d32271f6b8495e67188cb5eb51fc8e289b81fdf465a9cb",
                "sha256:520352b18adea5478bbf387e9c77910a914985671fe36bc5ef19fdcb67a854bc",
                "sha256:527415b5ca201b4add44026f70278fbc0b942cf0801a26ca5527cb0389b6151e",
                "sha256:54243053316b5eec92affe43bbace7c8cd946bc0974a4aa39ff1371df0677b22",
                "sha256:61b8454190b9cc87279232b6de28dee0bad040df879064bb2f0e505cda907918",
                "sha256:672668729edcba0f2ee522ab177fcad91c81cfce991c24d8767765e2637d3515",
                "sha256:67aa26097e194947d29f2b5a123830e03da1519bcce10cac034a51fcdb99c34f",
                "sha256:6e7305e42b5f54e5ccf51820de46f0a7c951ba7cb9e3f519e908545b0f5628d0",
                "sha256:7234ac6782ca43617de803735949f79b894f0c5d353fbc001d745503c69e6d1d",
                "sha256:7426bea25bdf92f00fa52c7b30fcd2a2f71c21cf007178971b1f248b6c2d3145",
                "sha256:74b331c5d5efdddf5bbd9e1f7d8cb91a0d6b9c4ba45ca3e9003047a84dca1a3b",
                "sha256:79b6db1a18253db86e9bf1e99fa829d60fd3fc7ac04f4451c44e4bdcf6756a42",
                "sha256:7d79cd354ae0a033ac7b86a2889c9e8bb0bb48243a6ed27fc5064ce49b842ada",
                "sha256:823d1b4a6a028b8327e64865e2c81a8959ae9f4e7c9c8e0eec814f4f9b36b362",
                "sha256:8715717a5861932b7fe7f3cbd498c82ff4132763e2fea182cc95e53850394ec1",
                "sha256:89a6091f2d07936c8a96ce56f2000ecbef20fb420a94845e7d53913c558a6378",
                "sha256:8af4b3116e4a37059bc8c7fe36d4a73d7c1d8802a1d8b6e549f1380d13a40160",
                "sha256:8b4b0034e6c7f30133fa64a1cc276f8f1a155ef9529e7eb93a3c1728b40c0f5c",
                "sha256:92195df3913c1de80062635bf64cd7bd0d0934a7fa1689b6d287d1cbbd16922c",
                "sha256:96c2e68385f3848d58f19b2975a675532abdb65c8fa5f04d94b95b27b6b1ffa7",
                "sha256:9c7044dbbf8c58420a9ef4ed6901f5a8b7698d90cd984d7f57a18c78474686f6",
                "sha256:a1937efed7e3fe0ee74630e1960df887d8aa83c571e1cf4db9d15b9c181d457d",
                "sha256:a38c10423a475a1658e2cb8f52cf84ec20a4c0adff724dd43a6b45183f499bc1",
                "sha256:a413c424199bcbab71bf5fa7538246f27177fbd6dd74b2d9c5f34878658807f8",
                "sha256:b18a855f8504743e0a2d8b75d008c7720d44e4c76687e13f959e35d9a13eb397",
                "sha256:b4d59ab3608538e550a72cea13d3c209dd72b6e19e832688da7884081c01594e",
                "sha256:b51d3f1cd87f488455f43046d72003689024b0fa9b2d53635db7523033b19996",
                "sha256:c02105deda867d09cdd5088d08708f06d75759df6f83d8f7007b06f422908a30",
                "sha256:c7b6032dc4490b0dcaf078f09f5b382dc35493cb7f473840368bf0de3196c2b6",
                "sha256:c95b355dba2aaf5177dff943b25ded0529a7feb80021d5fdb114a99f0a1ef508",
                "sha256:c980ae87863d76b1ea9a073d6d95554b4135032d34bc541be50c07d4a085821b",
                "sha256:d12895cd083e35e9e032eb4b57645b91116f8979527381a8d864d1f6b8cb4a2e",
                "sha256:d3cd9bad547a8e5fbe712a1dc1413aff1b917e8d39a2cd1389a6f933b7a21460",
                "sha256:e8809b01f27f679e3023b9e2013051e0a3f17abff4228cb5197663afd8a0f2c7",
                "sha256:f3c37b0dc1898e305aad4f7a1d75f6da83036588c28a9ce0afc681ff5245a601",
                "sha256:f966765f54b536e791541458de84a737a6adba8467190f17a8fe7f85354ba908",
                "sha256:fa939c2e2468142c9773443d4038e7c915b0cc1b670d3c9192bdc503f7ea73e9",
                "sha256:fcc5c1f95102989d2e116ffc8467963554ce89f30a65a3ea86a4d06849c498d8"
            ],
            "version": "==5.3.0"
        }
    },
    "develop": {}
}
